
Microsoft Visual Studio Solution File, Format Version 12.00
# Visual Studio 2013
VisualStudioVersion = 12.0.40629.0
MinimumVisualStudioVersion = 10.0.40219.1
Project("{FAE04EC0-301F-11D3-BF4B-00C04F79EFBC}") = "SimpleCommand", "SimpleCommand\SimpleCommand.csproj", "{63C64C92-AFF4-4B28-BB6D-3BCF2FFDC249}"
EndProject
Project("{FAE04EC0-301F-11D3-BF4B-00C04F79EFBC}") = "SimpleCommand.Tests", "SimpleCommand.Tests\SimpleCommand.Tests.csproj", "{63B342A2-A37F-4767-BCDA-98FE462ACE83}"
EndProject
Global
	GlobalSection(SolutionConfigurationPlatforms) = preSolution
		Debug|Any CPU = Debug|Any CPU
		Release|Any CPU = Release|Any CPU
	EndGlobalSection
	GlobalSection(ProjectConfigurationPlatforms) = postSolution
		{63C64C92-AFF4-4B28-BB6D-3BCF2FFDC249}.Debug|Any CPU.ActiveCfg = Debug|Any CPU
		{63C64C92-AFF4-4B28-BB6D-3BCF2FFDC249}.Debug|Any CPU.Build.0 = Debug|Any CPU
		{63C64C92-AFF4-4B28-BB6D-3BCF2FFDC249}.Release|Any CPU.ActiveCfg = Release|Any CPU
		{63C64C92-AFF4-4B28-BB6D-3BCF2FFDC249}.Release|Any CPU.Build.0 = Release|Any CPU
		{63B342A2-A37F-4767-BCDA-98FE462ACE83}.Debug|Any CPU.ActiveCfg = Debug|Any CPU
		{63B342A2-A37F-4767-BCDA-98FE462ACE83}.Debug|Any CPU.Build.0 = Debug|Any CPU
		{63B342A2-A37F-4767-BCDA-98FE462ACE83}.Release|Any CPU.ActiveCfg = Release|Any CPU
		{63B342A2-A37F-4767-BCDA-98FE462ACE83}.Release|Any CPU.Build.0 = Release|Any CPU
	EndGlobalSection
	GlobalSection(SolutionProperties) = preSolution
		HideSolutionNode = FALSE
	EndGlobalSection
EndGlobal
